
Microsoft Visual Studio Solution File, Format Version 12.00
# Visual Studio Version 16
VisualStudioVersion = 16.0.29709.97
MinimumVisualStudioVersion = 10.0.40219.1
Project("{FAE04EC0-301F-11D3-BF4B-00C04F79EFBC}") = "praktika1-1ex", "praktika1-1ex\praktika1-1ex.csproj", "{7C62EAF2-41C6-4D0B-8D89-10B69481FBB6}"
EndProject
Global
	GlobalSection(SolutionConfigurationPlatforms) = preSolution
		Debug|Any CPU = Debug|Any CPU
		Release|Any CPU = Release|Any CPU
	EndGlobalSection
	GlobalSection(ProjectConfigurationPlatforms) = postSolution
		{7C62EAF2-41C6-4D0B-8D89-10B69481FBB6}.Debug|Any CPU.ActiveCfg = Debug|Any CPU
		{7C62EAF2-41C6-4D0B-8D89-10B69481FBB6}.Debug|Any CPU.Build.0 = Debug|Any CPU
		{7C62EAF2-41C6-4D0B-8D89-10B69481FBB6}.Release|Any CPU.ActiveCfg = Release|Any CPU
		{7C62EAF2-41C6-4D0B-8D89-10B69481FBB6}.Release|Any CPU.Build.0 = Release|Any CPU
	EndGlobalSection
	GlobalSection(SolutionProperties) = preSolution
		HideSolutionNode = FALSE
	EndGlobalSection
	GlobalSection(ExtensibilityGlobals) = postSolution
		SolutionGuid = {6BA6538F-0840-43A6-8310-061FFA000F2E}
	EndGlobalSection
EndGlobal
